{
  "lockfileVersion": 1,
  "configVersion": 1,
  "workspaces": {
    "": {
      "name": "@apacheli/jsx",
      "devDependencies": {
        "preact-render-to-string": "^6.6.6",
        "react-dom": "^19.2.4",
      },
    },
  },
  "packages": {
    "preact": ["preact@10.29.0", "", {}, "sha512-wSAGyk2bYR1c7t3SZ3jHcM6xy0lcBcDel6lODcs9ME6Th++Dx2KU+6D3HD8wMMKGA8Wpw7OMd3/4RGzYRpzwRg=="],

    "preact-render-to-string": ["preact-render-to-string@6.6.6", "", { "peerDependencies": { "preact": ">=10 || >= 11.0.0-0" } }, "sha512-EfqZJytnjJldV+YaaqhthU2oXsEf5e+6rDv957p+zxAvNfFLQOPfvBOTncscQ+akzu6Wrl7s3Pa0LjUQmWJsGQ=="],

    "react": ["react@19.2.4", "", {}, "sha512-9nfp2hYpCwOjAN+8TZFGhtWEwgvWHXqESH8qT89AT/lWklpLON22Lc8pEtnpsZz7VmawabSU0gCjnj8aC0euHQ=="],

    "react-dom": ["react-dom@19.2.4", "", { "dependencies": { "scheduler": "^0.27.0" }, "peerDependencies": { "react": "^19.2.4" } }, "sha512-AXJdLo8kgMbimY95O2aKQqsz2iWi9jMgKJhRBAxECE4IFxfcazB2LmzloIoibJI3C12IlY20+KFaLv+71bUJeQ=="],

    "scheduler": ["scheduler@0.27.0", "", {}, "sha512-eNv+WrVbKu1f3vbYJT/xtiF5syA5HPIMtf9IgY/nKg0sWqzAUEvqY/xm7OcZc/qafLx/iO9FgOmeSAp4v5ti/Q=="],
  }
}
